lockfileVersion: '9.0'

settings:
  autoInstallPeers: true
  excludeLinksFromLockfile: false

importers:

  .:
    dependencies:
      '@zod/mini':
        specifier: ^4.0.0-beta.0
        version: 4.0.0-beta.0

packages:

  '@zod/core@0.1.0':
    resolution: {integrity: sha512-hSXsufqjH7u8DiJPT0KY1rFWIhjkdXGM8MhMLwzaeOMhxMA4bzjWLQwSoAToJunUTVrpmfdo4dUFzNaU219+VQ==}

  '@zod/mini@4.0.0-beta.0':
    resolution: {integrity: sha512-ux1pJYQJO0S/uAldc0KGKiBFvqPpQqfC8vXbBJ3tDrcWCCa6/QBQPexZFn/cHscTxA/SnEJEAxa7qGTwPQC5Tg==}

snapshots:

  '@zod/core@0.1.0': {}

  '@zod/mini@4.0.0-beta.0':
    dependencies:
      '@zod/core': 0.1.0
